// !$*UTF8*$!
{
	archiveVersion = 1;
	classes = {
	};
	objectVersion = 56;
	objects = {

/* Begin PBXBuildFile section */
		E00001 /* TrailFlowApp.swift in Sources */ = {isa = PBXBuildFile; fileRef = E10001 /* TrailFlowApp.swift */; };
		E00002 /* TokyoNightColors.swift in Sources */ = {isa = PBXBuildFile; fileRef = E10002 /* TokyoNightColors.swift */; };
		E00003 /* TerminalStyle.swift in Sources */ = {isa = PBXBuildFile; fileRef = E10003 /* TerminalStyle.swift */; };
		E00004 /* Theme.swift in Sources */ = {isa = PBXBuildFile; fileRef = E10004 /* Theme.swift */; };
		E00010 /* Run.swift in Sources */ = {isa = PBXBuildFile; fileRef = E10010 /* Run.swift */; };
		E00011 /* RunMetrics.swift in Sources */ = {isa = PBXBuildFile; fileRef = E10011 /* RunMetrics.swift */; };
		E00015 /* Assets.xcassets in Resources */ = {isa = PBXBuildFile; fileRef = E10015 /* Assets.xcassets */; };
		E00020 /* AppSettings.swift in Sources */ = {isa = PBXBuildFile; fileRef = E10020 /* AppSettings.swift */; };
		E00021 /* HealthKitService.swift in Sources */ = {isa = PBXBuildFile; fileRef = E10021 /* HealthKitService.swift */; };
		E00022 /* SyncCoordinator.swift in Sources */ = {isa = PBXBuildFile; fileRef = E10022 /* SyncCoordinator.swift */; };
		E00023 /* RouteCache.swift in Sources */ = {isa = PBXBuildFile; fileRef = E10023 /* RouteCache.swift */; };
		E00030 /* FirstLaunchView.swift in Sources */ = {isa = PBXBuildFile; fileRef = E10030 /* FirstLaunchView.swift */; };
		E00031 /* RunListView.swift in Sources */ = {isa = PBXBuildFile; fileRef = E10031 /* RunListView.swift */; };
		E00032 /* RunRowView.swift in Sources */ = {isa = PBXBuildFile; fileRef = E10032 /* RunRowView.swift */; };
		E00033 /* SparklineView.swift in Sources */ = {isa = PBXBuildFile; fileRef = E10033 /* SparklineView.swift */; };
		E00034 /* RoutePolylineThumbnailView.swift in Sources */ = {isa = PBXBuildFile; fileRef = E10034 /* RoutePolylineThumbnailView.swift */; };
		E00035 /* RunDetailView.swift in Sources */ = {isa = PBXBuildFile; fileRef = E10035 /* RunDetailView.swift */; };
		E00036 /* SettingsView.swift in Sources */ = {isa = PBXBuildFile; fileRef = E10036 /* SettingsView.swift */; };
/* End PBXBuildFile section */

/* Begin PBXFileReference section */
		E10001 /* TrailFlowApp.swift */ = {isa = PBXFileReference; lastKnownFileType = sourcecode.swift; path = TrailFlowApp.swift; sourceTree = "<group>"; };
		E10002 /* TokyoNightColors.swift */ = {isa = PBXFileReference; lastKnownFileType = sourcecode.swift; path = TokyoNightColors.swift; sourceTree = "<group>"; };
		E10003 /* TerminalStyle.swift */ = {isa = PBXFileReference; lastKnownFileType = sourcecode.swift; path = TerminalStyle.swift; sourceTree = "<group>"; };
		E10004 /* Theme.swift */ = {isa = PBXFileReference; lastKnownFileType = sourcecode.swift; path = Theme.swift; sourceTree = "<group>"; };
		E10010 /* Run.swift */ = {isa = PBXFileReference; lastKnownFileType = sourcecode.swift; path = Run.swift; sourceTree = "<group>"; };
		E10011 /* RunMetrics.swift */ = {isa = PBXFileReference; lastKnownFileType = sourcecode.swift; path = RunMetrics.swift; sourceTree = "<group>"; };
		E10015 /* Assets.xcassets */ = {isa = PBXFileReference; lastKnownFileType = folder.assetcatalog; path = Assets.xcassets; sourceTree = "<group>"; };
		E10020 /* AppSettings.swift */ = {isa = PBXFileReference; lastKnownFileType = sourcecode.swift; path = AppSettings.swift; sourceTree = "<group>"; };
		E10021 /* HealthKitService.swift */ = {isa = PBXFileReference; lastKnownFileType = sourcecode.swift; path = HealthKitService.swift; sourceTree = "<group>"; };
		E10022 /* SyncCoordinator.swift */ = {isa = PBXFileReference; lastKnownFileType = sourcecode.swift; path = SyncCoordinator.swift; sourceTree = "<group>"; };
		E10023 /* RouteCache.swift */ = {isa = PBXFileReference; lastKnownFileType = sourcecode.swift; path = RouteCache.swift; sourceTree = "<group>"; };
		E10030 /* FirstLaunchView.swift */ = {isa = PBXFileReference; lastKnownFileType = sourcecode.swift; path = FirstLaunchView.swift; sourceTree = "<group>"; };
		E10031 /* RunListView.swift */ = {isa = PBXFileReference; lastKnownFileType = sourcecode.swift; path = RunListView.swift; sourceTree = "<group>"; };
		E10032 /* RunRowView.swift */ = {isa = PBXFileReference; lastKnownFileType = sourcecode.swift; path = RunRowView.swift; sourceTree = "<group>"; };
		E10033 /* SparklineView.swift */ = {isa = PBXFileReference; lastKnownFileType = sourcecode.swift; path = SparklineView.swift; sourceTree = "<group>"; };
		E10034 /* RoutePolylineThumbnailView.swift */ = {isa = PBXFileReference; lastKnownFileType = sourcecode.swift; path = RoutePolylineThumbnailView.swift; sourceTree = "<group>"; };
		E10035 /* RunDetailView.swift */ = {isa = PBXFileReference; lastKnownFileType = sourcecode.swift; path = RunDetailView.swift; sourceTree = "<group>"; };
		E10036 /* SettingsView.swift */ = {isa = PBXFileReference; lastKnownFileType = sourcecode.swift; path = SettingsView.swift; sourceTree = "<group>"; };
		E10050 /* TrailFlow.entitlements */ = {isa = PBXFileReference; lastKnownFileType = text.plist.entitlements; path = TrailFlow.entitlements; sourceTree = "<group>"; };
		E10099 /* TrailFlow.app */ = {isa = PBXFileReference; explicitFileType = wrapper.application; includeInIndex = 0; path = TrailFlow.app; sourceTree = BUILT_PRODUCTS_DIR; };
/* End PBXFileReference section */

/* Begin PBXFrameworksBuildPhase section */
		E30001 /* Frameworks */ = {
			isa = PBXFrameworksBuildPhase;
			buildActionMask = 2147483647;
			files = (
			);
			runOnlyForDeploymentPostprocessing = 0;
		};
/* End PBXFrameworksBuildPhase section */

/* Begin PBXGroup section */
		E20001 = {
			isa = PBXGroup;
			children = (
				E20002 /* TrailFlow */,
				E20099 /* Products */,
			);
			sourceTree = "<group>";
		};
		E20002 /* TrailFlow */ = {
			isa = PBXGroup;
			children = (
				E10001 /* TrailFlowApp.swift */,
				E10050 /* TrailFlow.entitlements */,
				E20003 /* Theme */,
				E20004 /* Models */,
				E20005 /* Storage */,
				E20006 /* Views */,
				E10015 /* Assets.xcassets */,
			);
			path = TrailFlow;
			sourceTree = "<group>";
		};
		E20003 /* Theme */ = {
			isa = PBXGroup;
			children = (
				E10002 /* TokyoNightColors.swift */,
				E10003 /* TerminalStyle.swift */,
				E10004 /* Theme.swift */,
			);
			path = Theme;
			sourceTree = "<group>";
		};
		E20004 /* Models */ = {
			isa = PBXGroup;
			children = (
				E10010 /* Run.swift */,
				E10011 /* RunMetrics.swift */,
			);
			path = Models;
			sourceTree = "<group>";
		};
		E20005 /* Storage */ = {
			isa = PBXGroup;
			children = (
				E10020 /* AppSettings.swift */,
				E10021 /* HealthKitService.swift */,
				E10022 /* SyncCoordinator.swift */,
				E10023 /* RouteCache.swift */,
			);
			path = Storage;
			sourceTree = "<group>";
		};
		E20006 /* Views */ = {
			isa = PBXGroup;
			children = (
				E10030 /* FirstLaunchView.swift */,
				E10031 /* RunListView.swift */,
				E10032 /* RunRowView.swift */,
				E10033 /* SparklineView.swift */,
				E10034 /* RoutePolylineThumbnailView.swift */,
				E10035 /* RunDetailView.swift */,
				E10036 /* SettingsView.swift */,
			);
			path = Views;
			sourceTree = "<group>";
		};
		E20099 /* Products */ = {
			isa = PBXGroup;
			children = (
				E10099 /* TrailFlow.app */,
			);
			name = Products;
			sourceTree = "<group>";
		};
/* End PBXGroup section */

/* Begin PBXNativeTarget section */
		E40001 /* TrailFlow */ = {
			isa = PBXNativeTarget;
			buildConfigurationList = E60002 /* Build configuration list for PBXNativeTarget "TrailFlow" */;
			buildPhases = (
				E50001 /* Sources */,
				E30001 /* Frameworks */,
				E50002 /* Resources */,
			);
			buildRules = (
			);
			dependencies = (
			);
			name = TrailFlow;
			productName = TrailFlow;
			productReference = E10099 /* TrailFlow.app */;
			productType = "com.apple.product-type.application";
		};
/* End PBXNativeTarget section */

/* Begin PBXProject section */
		E40099 /* Project object */ = {
			isa = PBXProject;
			attributes = {
				BuildIndependentTargetsInParallel = 1;
				LastSwiftUpdateCheck = 1500;
				LastUpgradeCheck = 1500;
				TargetAttributes = {
					E40001 = {
						CreatedOnToolsVersion = 15.0;
					};
				};
			};
			buildConfigurationList = E60001 /* Build configuration list for PBXProject "TrailFlow" */;
			compatibilityVersion = "Xcode 14.0";
			developmentRegion = en;
			hasScannedForEncodings = 0;
			knownRegions = (
				en,
				Base,
			);
			mainGroup = E20001;
			productRefGroup = E20099 /* Products */;
			projectDirPath = "";
			projectRoot = "";
			targets = (
				E40001 /* TrailFlow */,
			);
		};
/* End PBXProject section */

/* Begin PBXResourcesBuildPhase section */
		E50002 /* Resources */ = {
			isa = PBXResourcesBuildPhase;
			buildActionMask = 2147483647;
			files = (
				E00015 /* Assets.xcassets in Resources */,
			);
			runOnlyForDeploymentPostprocessing = 0;
		};
/* End PBXResourcesBuildPhase section */

/* Begin PBXSourcesBuildPhase section */
		E50001 /* Sources */ = {
			isa = PBXSourcesBuildPhase;
			buildActionMask = 2147483647;
			files = (
				E00001 /* TrailFlowApp.swift in Sources */,
				E00002 /* TokyoNightColors.swift in Sources */,
				E00003 /* TerminalStyle.swift in Sources */,
				E00004 /* Theme.swift in Sources */,
				E00010 /* Run.swift in Sources */,
				E00011 /* RunMetrics.swift in Sources */,
				E00020 /* AppSettings.swift in Sources */,
				E00021 /* HealthKitService.swift in Sources */,
				E00022 /* SyncCoordinator.swift in Sources */,
				E00023 /* RouteCache.swift in Sources */,
				E00030 /* FirstLaunchView.swift in Sources */,
				E00031 /* RunListView.swift in Sources */,
				E00032 /* RunRowView.swift in Sources */,
				E00033 /* SparklineView.swift in Sources */,
				E00034 /* RoutePolylineThumbnailView.swift in Sources */,
				E00035 /* RunDetailView.swift in Sources */,
				E00036 /* SettingsView.swift in Sources */,
			);
			runOnlyForDeploymentPostprocessing = 0;
		};
/* End PBXSourcesBuildPhase section */

/* Begin XCBuildConfiguration section */
		E70001 /* Debug */ = {
			isa = XCBuildConfiguration;
			buildSettings = {
				ALWAYS_SEARCH_USER_PATHS = NO;
				ASSETCATALOG_COMPILER_GENERATE_SWIFT_ASSET_SYMBOL_EXTENSIONS = YES;
				CLANG_ANALYZER_NONNULL = YES;
				CLANG_ANALYZER_NUMBER_OBJECT_CONVERSION = YES_AGGRESSIVE;
				CLANG_CXX_LANGUAGE_STANDARD = "gnu++20";
				CLANG_ENABLE_MODULES = YES;
				CLANG_ENABLE_OBJC_ARC = YES;
				CLANG_ENABLE_OBJC_WEAK = YES;
				CLANG_WARN_BLOCK_CAPTURE_AUTORELEASING = YES;
				CLANG_WARN_BOOL_CONVERSION = YES;
				CLANG_WARN_COMMA = YES;
				CLANG_WARN_CONSTANT_CONVERSION = YES;
				CLANG_WARN_DEPRECATED_OBJC_IMPLEMENTATIONS = YES;
				CLANG_WARN_DIRECT_OBJC_ISA_USAGE = YES_ERROR;
				CLANG_WARN_DOCUMENTATION_COMMENTS = YES;
				CLANG_WARN_EMPTY_BODY = YES;
				CLANG_WARN_ENUM_CONVERSION = YES;
				CLANG_WARN_INFINITE_RECURSION = YES;
				CLANG_WARN_INT_CONVERSION = YES;
				CLANG_WARN_NON_LITERAL_NULL_CONVERSION = YES;
				CLANG_WARN_OBJC_IMPLICIT_RETAIN_SELF = YES;
				CLANG_WARN_OBJC_LITERAL_CONVERSION = YES;
				CLANG_WARN_OBJC_ROOT_CLASS = YES_ERROR;
				CLANG_WARN_QUOTED_INCLUDE_IN_FRAMEWORK_HEADER = YES;
				CLANG_WARN_RANGE_LOOP_ANALYSIS = YES;
				CLANG_WARN_STRICT_PROTOTYPES = YES;
				CLANG_WARN_SUSPICIOUS_MOVE = YES;
				CLANG_WARN_UNGUARDED_AVAILABILITY = YES_AGGRESSIVE;
				CLANG_WARN_UNREACHABLE_CODE = YES;
				CLANG_WARN__DUPLICATE_METHOD_MATCH = YES;
				COPY_PHASE_STRIP = NO;
				DEBUG_INFORMATION_FORMAT = dwarf;
				ENABLE_STRICT_OBJC_MSGSEND = YES;
				ENABLE_TESTABILITY = YES;
				ENABLE_USER_SCRIPT_SANDBOXING = YES;
				GCC_C_LANGUAGE_STANDARD = gnu17;
				GCC_DYNAMIC_NO_PIC = NO;
				GCC_NO_COMMON_BLOCKS = YES;
				GCC_OPTIMIZATION_LEVEL = 0;
				GCC_PREPROCESSOR_DEFINITIONS = (
					"DEBUG=1",
					"$(inherited)",
				);
				GCC_WARN_64_TO_32_BIT_CONVERSION = YES;
				GCC_WARN_ABOUT_RETURN_TYPE = YES_ERROR;
				GCC_WARN_UNDECLARED_SELECTOR = YES;
				GCC_WARN_UNINITIALIZED_AUTOS = YES_AGGRESSIVE;
				GCC_WARN_UNUSED_FUNCTION = YES;
				GCC_WARN_UNUSED_VARIABLE = YES;
				IPHONEOS_DEPLOYMENT_TARGET = 18.0;
				MTL_ENABLE_DEBUG_INFO = INCLUDE_SOURCE;
				MTL_FAST_MATH = YES;
				ONLY_ACTIVE_ARCH = YES;
				SDKROOT = iphoneos;
				SWIFT_ACTIVE_COMPILATION_CONDITIONS = "DEBUG $(inherited)";
				SWIFT_OPTIMIZATION_LEVEL = "-Onone";
			};
			name = Debug;
		};
		E70002 /* Release */ = {
			isa = XCBuildConfiguration;
			buildSettings = {
				ALWAYS_SEARCH_USER_PATHS = NO;
				ASSETCATALOG_COMPILER_GENERATE_SWIFT_ASSET_SYMBOL_EXTENSIONS = YES;
				CLANG_ANALYZER_NONNULL = YES;
				CLANG_ANALYZER_NUMBER_OBJECT_CONVERSION = YES_AGGRESSIVE;
				CLANG_CXX_LANGUAGE_STANDARD = "gnu++20";
				CLANG_ENABLE_MODULES = YES;
				CLANG_ENABLE_OBJC_ARC = YES;
				CLANG_ENABLE_OBJC_WEAK = YES;
				CLANG_WARN_BLOCK_CAPTURE_AUTORELEASING = YES;
				CLANG_WARN_BOOL_CONVERSION = YES;
				CLANG_WARN_COMMA = YES;
				CLANG_WARN_CONSTANT_CONVERSION = YES;
				CLANG_WARN_DEPRECATED_OBJC_IMPLEMENTATIONS = YES;
				CLANG_WARN_DIRECT_OBJC_ISA_USAGE = YES_ERROR;
				CLANG_WARN_DOCUMENTATION_COMMENTS = YES;
				CLANG_WARN_EMPTY_BODY = YES;
				CLANG_WARN_ENUM_CONVERSION = YES;
				CLANG_WARN_INFINITE_RECURSION = YES;
				CLANG_WARN_INT_CONVERSION = YES;
				CLANG_WARN_NON_LITERAL_NULL_CONVERSION = YES;
				CLANG_WARN_OBJC_IMPLICIT_RETAIN_SELF = YES;
				CLANG_WARN_OBJC_LITERAL_CONVERSION = YES;
				CLANG_WARN_OBJC_ROOT_CLASS = YES_ERROR;
				CLANG_WARN_QUOTED_INCLUDE_IN_FRAMEWORK_HEADER = YES;
				CLANG_WARN_RANGE_LOOP_ANALYSIS = YES;
				CLANG_WARN_STRICT_PROTOTYPES = YES;
				CLANG_WARN_SUSPICIOUS_MOVE = YES;
				CLANG_WARN_UNGUARDED_AVAILABILITY = YES_AGGRESSIVE;
				CLANG_WARN_UNREACHABLE_CODE = YES;
				CLANG_WARN__DUPLICATE_METHOD_MATCH = YES;
				COPY_PHASE_STRIP = NO;
				DEBUG_INFORMATION_FORMAT = "dwarf-with-dsym";
				ENABLE_NS_ASSERTIONS = NO;
				ENABLE_STRICT_OBJC_MSGSEND = YES;
				ENABLE_USER_SCRIPT_SANDBOXING = YES;
				GCC_C_LANGUAGE_STANDARD = gnu17;
				GCC_NO_COMMON_BLOCKS = YES;
				GCC_WARN_64_TO_32_BIT_CONVERSION = YES;
				GCC_WARN_ABOUT_RETURN_TYPE = YES_ERROR;
				GCC_WARN_UNDECLARED_SELECTOR = YES;
				GCC_WARN_UNINITIALIZED_AUTOS = YES_AGGRESSIVE;
				GCC_WARN_UNUSED_FUNCTION = YES;
				GCC_WARN_UNUSED_VARIABLE = YES;
				IPHONEOS_DEPLOYMENT_TARGET = 18.0;
				MTL_ENABLE_DEBUG_INFO = NO;
				MTL_FAST_MATH = YES;
				SDKROOT = iphoneos;
				SWIFT_COMPILATION_MODE = wholemodule;
				VALIDATE_PRODUCT = YES;
			};
			name = Release;
		};
		E70003 /* Debug */ = {
			isa = XCBuildConfiguration;
			buildSettings = {
				ASSETCATALOG_COMPILER_APPICON_NAME = AppIcon;
				ASSETCATALOG_COMPILER_GLOBAL_ACCENT_COLOR_NAME = AccentColor;
				CODE_SIGN_ENTITLEMENTS = TrailFlow/TrailFlow.entitlements;
				CODE_SIGN_STYLE = Automatic;
				CURRENT_PROJECT_VERSION = 1;
				DEVELOPMENT_TEAM = B4YXM5RCS4;
				GENERATE_INFOPLIST_FILE = YES;
				INFOPLIST_KEY_CFBundleDisplayName = TrailFlow;
				INFOPLIST_KEY_NSHealthShareUsageDescription = "TrailFlow reads your running workouts from Apple Health to display past trail runs.";
				INFOPLIST_KEY_UIApplicationSceneManifest_Generation = YES;
				INFOPLIST_KEY_UIApplicationSupportsIndirectInputEvents = YES;
				INFOPLIST_KEY_UILaunchScreen_Generation = YES;
				INFOPLIST_KEY_UISupportedInterfaceOrientations = UIInterfaceOrientationPortrait;
				INFOPLIST_KEY_UISupportedInterfaceOrientations_iPad = "UIInterfaceOrientationPortrait UIInterfaceOrientationPortraitUpsideDown UIInterfaceOrientationLandscapeLeft UIInterfaceOrientationLandscapeRight";
				LD_RUNPATH_SEARCH_PATHS = (
					"$(inherited)",
					"@executable_path/Frameworks",
				);
				MARKETING_VERSION = 1.0;
				PRODUCT_BUNDLE_IDENTIFIER = com.alexomand.TrailFlow;
				PRODUCT_NAME = "$(TARGET_NAME)";
				SUPPORTED_PLATFORMS = "iphoneos iphonesimulator";
				SUPPORTS_MACCATALYST = NO;
				SWIFT_EMIT_LOC_STRINGS = YES;
				SWIFT_VERSION = 5.0;
				TARGETED_DEVICE_FAMILY = 1;
			};
			name = Debug;
		};
		E70004 /* Release */ = {
			isa = XCBuildConfiguration;
			buildSettings = {
				ASSETCATALOG_COMPILER_APPICON_NAME = AppIcon;
				ASSETCATALOG_COMPILER_GLOBAL_ACCENT_COLOR_NAME = AccentColor;
				CODE_SIGN_ENTITLEMENTS = TrailFlow/TrailFlow.entitlements;
				CODE_SIGN_STYLE = Automatic;
				CURRENT_PROJECT_VERSION = 1;
				DEVELOPMENT_TEAM = B4YXM5RCS4;
				GENERATE_INFOPLIST_FILE = YES;
				INFOPLIST_KEY_CFBundleDisplayName = TrailFlow;
				INFOPLIST_KEY_NSHealthShareUsageDescription = "TrailFlow reads your running workouts from Apple Health to display past trail runs.";
				INFOPLIST_KEY_UIApplicationSceneManifest_Generation = YES;
				INFOPLIST_KEY_UIApplicationSupportsIndirectInputEvents = YES;
				INFOPLIST_KEY_UILaunchScreen_Generation = YES;
				INFOPLIST_KEY_UISupportedInterfaceOrientations = UIInterfaceOrientationPortrait;
				INFOPLIST_KEY_UISupportedInterfaceOrientations_iPad = "UIInterfaceOrientationPortrait UIInterfaceOrientationPortraitUpsideDown UIInterfaceOrientationLandscapeLeft UIInterfaceOrientationLandscapeRight";
				LD_RUNPATH_SEARCH_PATHS = (
					"$(inherited)",
					"@executable_path/Frameworks",
				);
				MARKETING_VERSION = 1.0;
				PRODUCT_BUNDLE_IDENTIFIER = com.alexomand.TrailFlow;
				PRODUCT_NAME = "$(TARGET_NAME)";
				SUPPORTED_PLATFORMS = "iphoneos iphonesimulator";
				SUPPORTS_MACCATALYST = NO;
				SWIFT_EMIT_LOC_STRINGS = YES;
				SWIFT_VERSION = 5.0;
				TARGETED_DEVICE_FAMILY = 1;
			};
			name = Release;
		};
/* End XCBuildConfiguration section */

/* Begin XCConfigurationList section */
		E60001 /* Build configuration list for PBXProject "TrailFlow" */ = {
			isa = XCConfigurationList;
			buildConfigurations = (
				E70001 /* Debug */,
				E70002 /* Release */,
			);
			defaultConfigurationIsVisible = 0;
			defaultConfigurationName = Release;
		};
		E60002 /* Build configuration list for PBXNativeTarget "TrailFlow" */ = {
			isa = XCConfigurationList;
			buildConfigurations = (
				E70003 /* Debug */,
				E70004 /* Release */,
			);
			defaultConfigurationIsVisible = 0;
			defaultConfigurationName = Release;
		};
/* End XCConfigurationList section */
	};
	rootObject = E40099 /* Project object */;
}
